// !$*UTF8*$!
{
	archiveVersion = 1;
	classes = {
	};
	objectVersion = 50;
	objects = {

/* Begin PBXBuildFile section */
		81FF833A20BBAE5800F356B0 /* AppDelegate.m in Sources */ = {isa = PBXBuildFile; fileRef = 81FF833920BBAE5800F356B0 /* AppDelegate.m */; };
		81FF833D20BBAE5800F356B0 /* ViewController.m in Sources */ = {isa = PBXBuildFile; fileRef = 81FF833C20BBAE5800F356B0 /* ViewController.m */; };
		81FF834020BBAE5800F356B0 /* Main.storyboard in Resources */ = {isa = PBXBuildFile; fileRef = 81FF833E20BBAE5800F356B0 /* Main.storyboard */; };
		81FF834220BBAE5900F356B0 /* Assets.xcassets in Resources */ = {isa = PBXBuildFile; fileRef = 81FF834120BBAE5900F356B0 /* Assets.xcassets */; };
		81FF834520BBAE5900F356B0 /* LaunchScreen.storyboard in Resources */ = {isa = PBXBuildFile; fileRef = 81FF834320BBAE5900F356B0 /* LaunchScreen.storyboard */; };
		81FF834820BBAE5900F356B0 /* main.m in Sources */ = {isa = PBXBuildFile; fileRef = 81FF834720BBAE5900F356B0 /* main.m */; };
		81FF835220BBAE5900F356B0 /* RACDemoTests.m in Sources */ = {isa = PBXBuildFile; fileRef = 81FF835120BBAE5900F356B0 /* RACDemoTests.m */; };
		81FF835D20BBAE5900F356B0 /* RACDemoUITests.m in Sources */ = {isa = PBXBuildFile; fileRef = 81FF835C20BBAE5900F356B0 /* RACDemoUITests.m */; };
		81FF836D20BBB06300F356B0 /* RACFliterViewController.m in Sources */ = {isa = PBXBuildFile; fileRef = 81FF836C20BBB06300F356B0 /* RACFliterViewController.m */; };
		81FF837020BBB32C00F356B0 /* RACFliterViewController.xib in Resources */ = {isa = PBXBuildFile; fileRef = 81FF836F20BBB32C00F356B0 /* RACFliterViewController.xib */; };
		81FF837520BBE8B400F356B0 /* RACMappingViewController.m in Sources */ = {isa = PBXBuildFile; fileRef = 81FF837320BBE8B400F356B0 /* RACMappingViewController.m */; };
		81FF837B20BBF14C00F356B0 /* RACCombinationViewController.m in Sources */ = {isa = PBXBuildFile; fileRef = 81FF837920BBF14C00F356B0 /* RACCombinationViewController.m */; };
		81FF837C20BBF14C00F356B0 /* RACCombinationViewController.xib in Resources */ = {isa = PBXBuildFile; fileRef = 81FF837A20BBF14C00F356B0 /* RACCombinationViewController.xib */; };
		81FF838020BBF56F00F356B0 /* RACBindViewController.m in Sources */ = {isa = PBXBuildFile; fileRef = 81FF837F20BBF56F00F356B0 /* RACBindViewController.m */; };
		81FF838420BBF88500F356B0 /* RACMacroViewController.m in Sources */ = {isa = PBXBuildFile; fileRef = 81FF838320BBF88500F356B0 /* RACMacroViewController.m */; };
		81FF838620BBF8A000F356B0 /* RACMacroViewController.xib in Resources */ = {isa = PBXBuildFile; fileRef = 81FF838520BBF8A000F356B0 /* RACMacroViewController.xib */; };
		81FF839320BBFF6500F356B0 /* RACTestViewController.m in Sources */ = {isa = PBXBuildFile; fileRef = 81FF838F20BBFF6500F356B0 /* RACTestViewController.m */; };
		81FF839420BBFF6500F356B0 /* RACValuePassedViewController.h.m in Sources */ = {isa = PBXBuildFile; fileRef = 81FF839120BBFF6500F356B0 /* RACValuePassedViewController.h.m */; };
		81FF839820BC00B700F356B0 /* RACSignalViewController.m in Sources */ = {isa = PBXBuildFile; fileRef = 81FF839720BC00B700F356B0 /* RACSignalViewController.m */; };
		81FF839C20BC047C00F356B0 /* RACSequenceViewController.m in Sources */ = {isa = PBXBuildFile; fileRef = 81FF839B20BC047C00F356B0 /* RACSequenceViewController.m */; };
		81FF839E20BC04C400F356B0 /* flags.plist in Resources */ = {isa = PBXBuildFile; fileRef = 81FF839D20BC04C400F356B0 /* flags.plist */; };
		81FF83A220BC05A500F356B0 /* RACMulticastConnectionViewController.m in Sources */ = {isa = PBXBuildFile; fileRef = 81FF83A120BC05A500F356B0 /* RACMulticastConnectionViewController.m */; };
		81FF83A620BD548D00F356B0 /* RACCommandViewController.m in Sources */ = {isa = PBXBuildFile; fileRef = 81FF83A520BD548D00F356B0 /* RACCommandViewController.m */; };
		81FF83AB20BD589100F356B0 /* RACMVVMViewController.m in Sources */ = {isa = PBXBuildFile; fileRef = 81FF83A920BD589100F356B0 /* RACMVVMViewController.m */; };
		81FF83AC20BD589100F356B0 /* RACMVVMViewController.xib in Resources */ = {isa = PBXBuildFile; fileRef = 81FF83AA20BD589100F356B0 /* RACMVVMViewController.xib */; };
		81FF83AF20BD591F00F356B0 /* LoginViewModel.m in Sources */ = {isa = PBXBuildFile; fileRef = 81FF83AE20BD591F00F356B0 /* LoginViewModel.m */; };
		DDE51B268B673DFDE1A32565 /* libPods-RACDemo.a in Frameworks */ = {isa = PBXBuildFile; fileRef = A5F93249BAA70C4483336C53 /* libPods-RACDemo.a */; };
/* End PBXBuildFile section */

/* Begin PBXContainerItemProxy section */
		81FF834E20BBAE5900F356B0 /* PBXContainerItemProxy */ = {
			isa = PBXContainerItemProxy;
			containerPortal = 81FF832D20BBAE5700F356B0 /* Project object */;
			proxyType = 1;
			remoteGlobalIDString = 81FF833420BBAE5800F356B0;
			remoteInfo = RACDemo;
		};
		81FF835920BBAE5900F356B0 /* PBXContainerItemProxy */ = {
			isa = PBXContainerItemProxy;
			containerPortal = 81FF832D20BBAE5700F356B0 /* Project object */;
			proxyType = 1;
			remoteGlobalIDString = 81FF833420BBAE5800F356B0;
			remoteInfo = RACDemo;
		};
/* End PBXContainerItemProxy section */

/* Begin PBXFileReference section */
		350187818C24CFAFAE3DB9DD /* Pods-RACDemo.release.xcconfig */ = {isa = PBXFileReference; includeInIndex = 1; lastKnownFileType = text.xcconfig; name = "Pods-RACDemo.release.xcconfig"; path = "Pods/Target Support Files/Pods-RACDemo/Pods-RACDemo.release.xcconfig"; sourceTree = "<group>"; };
		7C4FB4BBE8470D0C08AEB652 /* Pods-RACDemo.debug.xcconfig */ = {isa = PBXFileReference; includeInIndex = 1; lastKnownFileType = text.xcconfig; name = "Pods-RACDemo.debug.xcconfig"; path = "Pods/Target Support Files/Pods-RACDemo/Pods-RACDemo.debug.xcconfig"; sourceTree = "<group>"; };
		81FF833520BBAE5800F356B0 /* RACDemo.app */ = {isa = PBXFileReference; explicitFileType = wrapper.application; includeInIndex = 0; path = RACDemo.app; sourceTree = BUILT_PRODUCTS_DIR; };
		81FF833820BBAE5800F356B0 /* AppDelegate.h */ = {isa = PBXFileReference; lastKnownFileType = sourcecode.c.h; path = AppDelegate.h; sourceTree = "<group>"; };
		81FF833920BBAE5800F356B0 /* AppDelegate.m */ = {isa = PBXFileReference; lastKnownFileType = sourcecode.c.objc; path = AppDelegate.m; sourceTree = "<group>"; };
		81FF833B20BBAE5800F356B0 /* ViewController.h */ = {isa = PBXFileReference; lastKnownFileType = sourcecode.c.h; path = ViewController.h; sourceTree = "<group>"; };
		81FF833C20BBAE5800F356B0 /* ViewController.m */ = {isa = PBXFileReference; lastKnownFileType = sourcecode.c.objc; path = ViewController.m; sourceTree = "<group>"; };
		81FF833F20BBAE5800F356B0 /* Base */ = {isa = PBXFileReference; lastKnownFileType = file.storyboard; name = Base; path = Base.lproj/Main.storyboard; sourceTree = "<group>"; };
		81FF834120BBAE5900F356B0 /* Assets.xcassets */ = {isa = PBXFileReference; lastKnownFileType = folder.assetcatalog; path = Assets.xcassets; sourceTree = "<group>"; };
		81FF834420BBAE5900F356B0 /* Base */ = {isa = PBXFileReference; lastKnownFileType = file.storyboard; name = Base; path = Base.lproj/LaunchScreen.storyboard; sourceTree = "<group>"; };
		81FF834620BBAE5900F356B0 /* Info.plist */ = {isa = PBXFileReference; lastKnownFileType = text.plist.xml; path = Info.plist; sourceTree = "<group>"; };
		81FF834720BBAE5900F356B0 /* main.m */ = {isa = PBXFileReference; lastKnownFileType = sourcecode.c.objc; path = main.m; sourceTree = "<group>"; };
		81FF834D20BBAE5900F356B0 /* RACDemoTests.xctest */ = {isa = PBXFileReference; explicitFileType = wrapper.cfbundle; includeInIndex = 0; path = RACDemoTests.xctest; sourceTree = BUILT_PRODUCTS_DIR; };
		81FF835120BBAE5900F356B0 /* RACDemoTests.m */ = {isa = PBXFileReference; lastKnownFileType = sourcecode.c.objc; path = RACDemoTests.m; sourceTree = "<group>"; };
		81FF835320BBAE5900F356B0 /* Info.plist */ = {isa = PBXFileReference; lastKnownFileType = text.plist.xml; path = Info.plist; sourceTree = "<group>"; };
		81FF835820BBAE5900F356B0 /* RACDemoUITests.xctest */ = {isa = PBXFileReference; explicitFileType = wrapper.cfbundle; includeInIndex = 0; path = RACDemoUITests.xctest; sourceTree = BUILT_PRODUCTS_DIR; };
		81FF835C20BBAE5900F356B0 /* RACDemoUITests.m */ = {isa = PBXFileReference; lastKnownFileType = sourcecode.c.objc; path = RACDemoUITests.m; sourceTree = "<group>"; };
		81FF835E20BBAE5900F356B0 /* Info.plist */ = {isa = PBXFileReference; lastKnownFileType = text.plist.xml; path = Info.plist; sourceTree = "<group>"; };
		81FF836B20BBB06300F356B0 /* RACFliterViewController.h */ = {isa = PBXFileReference; lastKnownFileType = sourcecode.c.h; path = RACFliterViewController.h; sourceTree = "<group>"; };
		81FF836C20BBB06300F356B0 /* RACFliterViewController.m */ = {isa = PBXFileReference; lastKnownFileType = sourcecode.c.objc; path = RACFliterViewController.m; sourceTree = "<group>"; };
		81FF836E20BBB2BF00F356B0 /* UtilsMacros.h */ = {isa = PBXFileReference; fileEncoding = 4; lastKnownFileType = sourcecode.c.h; path = UtilsMacros.h; sourceTree = "<group>"; };
		81FF836F20BBB32C00F356B0 /* RACFliterViewController.xib */ = {isa = PBXFileReference; lastKnownFileType = file.xib; path = RACFliterViewController.xib; sourceTree = "<group>"; };
		81FF837220BBE8B400F356B0 /* RACMappingViewController.h */ = {isa = PBXFileReference; lastKnownFileType = sourcecode.c.h; path = RACMappingViewController.h; sourceTree = "<group>"; };
		81FF837320BBE8B400F356B0 /* RACMappingViewController.m */ = {isa = PBXFileReference; lastKnownFileType = sourcecode.c.objc; path = RACMappingViewController.m; sourceTree = "<group>"; };
		81FF837820BBF14C00F356B0 /* RACCombinationViewController.h */ = {isa = PBXFileReference; lastKnownFileType = sourcecode.c.h; path = RACCombinationViewController.h; sourceTree = "<group>"; };
		81FF837920BBF14C00F356B0 /* RACCombinationViewController.m */ = {isa = PBXFileReference; lastKnownFileType = sourcecode.c.objc; path = RACCombinationViewController.m; sourceTree = "<group>"; };
		81FF837A20BBF14C00F356B0 /* RACCombinationViewController.xib */ = {isa = PBXFileReference; lastKnownFileType = file.xib; path = RACCombinationViewController.xib; sourceTree = "<group>"; };
		81FF837E20BBF56F00F356B0 /* RACBindViewController.h */ = {isa = PBXFileReference; lastKnownFileType = sourcecode.c.h; path = RACBindViewController.h; sourceTree = "<group>"; };
		81FF837F20BBF56F00F356B0 /* RACBindViewController.m */ = {isa = PBXFileReference; lastKnownFileType = sourcecode.c.objc; path = RACBindViewController.m; sourceTree = "<group>"; };
		81FF838220BBF88500F356B0 /* RACMacroViewController.h */ = {isa = PBXFileReference; lastKnownFileType = sourcecode.c.h; path = RACMacroViewController.h; sourceTree = "<group>"; };
		81FF838320BBF88500F356B0 /* RACMacroViewController.m */ = {isa = PBXFileReference; lastKnownFileType = sourcecode.c.objc; path = RACMacroViewController.m; sourceTree = "<group>"; };
		81FF838520BBF8A000F356B0 /* RACMacroViewController.xib */ = {isa = PBXFileReference; lastKnownFileType = file.xib; path = RACMacroViewController.xib; sourceTree = "<group>"; };
		81FF838F20BBFF6500F356B0 /* RACTestViewController.m */ = {isa = PBXFileReference; fileEncoding = 4; lastKnownFileType = sourcecode.c.objc; path = RACTestViewController.m; sourceTree = "<group>"; };
		81FF839020BBFF6500F356B0 /* RACValuePassedViewController.h */ = {isa = PBXFileReference; fileEncoding = 4; lastKnownFileType = sourcecode.c.h; path = RACValuePassedViewController.h; sourceTree = "<group>"; };
		81FF839120BBFF6500F356B0 /* RACValuePassedViewController.h.m */ = {isa = PBXFileReference; fileEncoding = 4; lastKnownFileType = sourcecode.c.objc; path = RACValuePassedViewController.h.m; sourceTree = "<group>"; };
		81FF839220BBFF6500F356B0 /* RACTestViewController.h */ = {isa = PBXFileReference; fileEncoding = 4; lastKnownFileType = sourcecode.c.h; path = RACTestViewController.h; sourceTree = "<group>"; };
		81FF839620BC00B700F356B0 /* RACSignalViewController.h */ = {isa = PBXFileReference; lastKnownFileType = sourcecode.c.h; path = RACSignalViewController.h; sourceTree = "<group>"; };
		81FF839720BC00B700F356B0 /* RACSignalViewController.m */ = {isa = PBXFileReference; lastKnownFileType = sourcecode.c.objc; path = RACSignalViewController.m; sourceTree = "<group>"; };
		81FF839A20BC047C00F356B0 /* RACSequenceViewController.h */ = {isa = PBXFileReference; lastKnownFileType = sourcecode.c.h; path = RACSequenceViewController.h; sourceTree = "<group>"; };
		81FF839B20BC047C00F356B0 /* RACSequenceViewController.m */ = {isa = PBXFileReference; lastKnownFileType = sourcecode.c.objc; path = RACSequenceViewController.m; sourceTree = "<group>"; };
		81FF839D20BC04C400F356B0 /* flags.plist */ = {isa = PBXFileReference; fileEncoding = 4; lastKnownFileType = text.plist.xml; path = flags.plist; sourceTree = "<group>"; };
		81FF83A020BC05A500F356B0 /* RACMulticastConnectionViewController.h */ = {isa = PBXFileReference; lastKnownFileType = sourcecode.c.h; path = RACMulticastConnectionViewController.h; sourceTree = "<group>"; };
		81FF83A120BC05A500F356B0 /* RACMulticastConnectionViewController.m */ = {isa = PBXFileReference; lastKnownFileType = sourcecode.c.objc; path = RACMulticastConnectionViewController.m; sourceTree = "<group>"; };
		81FF83A420BD548D00F356B0 /* RACCommandViewController.h */ = {isa = PBXFileReference; lastKnownFileType = sourcecode.c.h; path = RACCommandViewController.h; sourceTree = "<group>"; };
		81FF83A520BD548D00F356B0 /* RACCommandViewController.m */ = {isa = PBXFileReference; lastKnownFileType = sourcecode.c.objc; path = RACCommandViewController.m; sourceTree = "<group>"; };
		81FF83A820BD589100F356B0 /* RACMVVMViewController.h */ = {isa = PBXFileReference; lastKnownFileType = sourcecode.c.h; path = RACMVVMViewController.h; sourceTree = "<group>"; };
		81FF83A920BD589100F356B0 /* RACMVVMViewController.m */ = {isa = PBXFileReference; lastKnownFileType = sourcecode.c.objc; path = RACMVVMViewController.m; sourceTree = "<group>"; };
		81FF83AA20BD589100F356B0 /* RACMVVMViewController.xib */ = {isa = PBXFileReference; lastKnownFileType = file.xib; path = RACMVVMViewController.xib; sourceTree = "<group>"; };
		81FF83AD20BD591F00F356B0 /* LoginViewModel.h */ = {isa = PBXFileReference; lastKnownFileType = sourcecode.c.h; path = LoginViewModel.h; sourceTree = "<group>"; };
		81FF83AE20BD591F00F356B0 /* LoginViewModel.m */ = {isa = PBXFileReference; lastKnownFileType = sourcecode.c.objc; path = LoginViewModel.m; sourceTree = "<group>"; };
		A5F93249BAA70C4483336C53 /* libPods-RACDemo.a */ = {isa = PBXFileReference; explicitFileType = archive.ar; includeInIndex = 0; path = "libPods-RACDemo.a"; sourceTree = BUILT_PRODUCTS_DIR; };
/* End PBXFileReference section */

/* Begin PBXFrameworksBuildPhase section */
		81FF833220BBAE5800F356B0 /* Frameworks */ = {
			isa = PBXFrameworksBuildPhase;
			buildActionMask = 2147483647;
			files = (
				DDE51B268B673DFDE1A32565 /* libPods-RACDemo.a in Frameworks */,
			);
			runOnlyForDeploymentPostprocessing = 0;
		};
		81FF834A20BBAE5900F356B0 /* Frameworks */ = {
			isa = PBXFrameworksBuildPhase;
			buildActionMask = 2147483647;
			files = (
			);
			runOnlyForDeploymentPostprocessing = 0;
		};
		81FF835520BBAE5900F356B0 /* Frameworks */ = {
			isa = PBXFrameworksBuildPhase;
			buildActionMask = 2147483647;
			files = (
			);
			runOnlyForDeploymentPostprocessing = 0;
		};
/* End PBXFrameworksBuildPhase section */

/* Begin PBXGroup section */
		7E24CD23755F30D6EF263C32 /* Pods */ = {
			isa = PBXGroup;
			children = (
				7C4FB4BBE8470D0C08AEB652 /* Pods-RACDemo.debug.xcconfig */,
				350187818C24CFAFAE3DB9DD /* Pods-RACDemo.release.xcconfig */,
			);
			name = Pods;
			sourceTree = "<group>";
		};
		81FF832C20BBAE5700F356B0 = {
			isa = PBXGroup;
			children = (
				81FF833720BBAE5800F356B0 /* RACDemo */,
				81FF835020BBAE5900F356B0 /* RACDemoTests */,
				81FF835B20BBAE5900F356B0 /* RACDemoUITests */,
				81FF833620BBAE5800F356B0 /* Products */,
				7E24CD23755F30D6EF263C32 /* Pods */,
				B2E259C8B8D1A9BB77AF9AFE /* Frameworks */,
			);
			sourceTree = "<group>";
		};
		81FF833620BBAE5800F356B0 /* Products */ = {
			isa = PBXGroup;
			children = (
				81FF833520BBAE5800F356B0 /* RACDemo.app */,
				81FF834D20BBAE5900F356B0 /* RACDemoTests.xctest */,
				81FF835820BBAE5900F356B0 /* RACDemoUITests.xctest */,
			);
			name = Products;
			sourceTree = "<group>";
		};
		81FF833720BBAE5800F356B0 /* RACDemo */ = {
			isa = PBXGroup;
			children = (
				81FF83A720BD588200F356B0 /* RAC+MVVM */,
				81FF83A320BD548200F356B0 /* RAC-Command */,
				81FF839F20BC059800F356B0 /* RAC-MulticastConnection */,
				81FF839920BC046D00F356B0 /* RAC-Sequence */,
				81FF839520BC00AF00F356B0 /* RAC-RACSignal */,
				81FF838E20BBFF6500F356B0 /* RAC-值传递 */,
				81FF838120BBF87300F356B0 /* RAC-Macro */,
				81FF837D20BBF53C00F356B0 /* RAC-绑定 */,
				81FF837720BBF11A00F356B0 /* RAC-组合 */,
				81FF837120BBE87A00F356B0 /* RAC-映射 */,
				81FF836A20BBAEB800F356B0 /* RAC-过滤 */,
				81FF833820BBAE5800F356B0 /* AppDelegate.h */,
				81FF833920BBAE5800F356B0 /* AppDelegate.m */,
				81FF836E20BBB2BF00F356B0 /* UtilsMacros.h */,
				81FF833B20BBAE5800F356B0 /* ViewController.h */,
				81FF833C20BBAE5800F356B0 /* ViewController.m */,
				81FF833E20BBAE5800F356B0 /* Main.storyboard */,
				81FF834120BBAE5900F356B0 /* Assets.xcassets */,
				81FF834320BBAE5900F356B0 /* LaunchScreen.storyboard */,
				81FF834620BBAE5900F356B0 /* Info.plist */,
				81FF834720BBAE5900F356B0 /* main.m */,
			);
			path = RACDemo;
			sourceTree = "<group>";
		};
		81FF835020BBAE5900F356B0 /* RACDemoTests */ = {
			isa = PBXGroup;
			children = (
				81FF835120BBAE5900F356B0 /* RACDemoTests.m */,
				81FF835320BBAE5900F356B0 /* Info.plist */,
			);
			path = RACDemoTests;
			sourceTree = "<group>";
		};
		81FF835B20BBAE5900F356B0 /* RACDemoUITests */ = {
			isa = PBXGroup;
			children = (
				81FF835C20BBAE5900F356B0 /* RACDemoUITests.m */,
				81FF835E20BBAE5900F356B0 /* Info.plist */,
			);
			path = RACDemoUITests;
			sourceTree = "<group>";
		};
		81FF836A20BBAEB800F356B0 /* RAC-过滤 */ = {
			isa = PBXGroup;
			children = (
				81FF836B20BBB06300F356B0 /* RACFliterViewController.h */,
				81FF836C20BBB06300F356B0 /* RACFliterViewController.m */,
				81FF836F20BBB32C00F356B0 /* RACFliterViewController.xib */,
			);
			path = "RAC-过滤";
			sourceTree = "<group>";
		};
		81FF837120BBE87A00F356B0 /* RAC-映射 */ = {
			isa = PBXGroup;
			children = (
				81FF837220BBE8B400F356B0 /* RACMappingViewController.h */,
				81FF837320BBE8B400F356B0 /* RACMappingViewController.m */,
			);
			path = "RAC-映射";
			sourceTree = "<group>";
		};
		81FF837720BBF11A00F356B0 /* RAC-组合 */ = {
			isa = PBXGroup;
			children = (
				81FF837820BBF14C00F356B0 /* RACCombinationViewController.h */,
				81FF837920BBF14C00F356B0 /* RACCombinationViewController.m */,
				81FF837A20BBF14C00F356B0 /* RACCombinationViewController.xib */,
			);
			path = "RAC-组合";
			sourceTree = "<group>";
		};
		81FF837D20BBF53C00F356B0 /* RAC-绑定 */ = {
			isa = PBXGroup;
			children = (
				81FF837E20BBF56F00F356B0 /* RACBindViewController.h */,
				81FF837F20BBF56F00F356B0 /* RACBindViewController.m */,
			);
			path = "RAC-绑定";
			sourceTree = "<group>";
		};
		81FF838120BBF87300F356B0 /* RAC-Macro */ = {
			isa = PBXGroup;
			children = (
				81FF838220BBF88500F356B0 /* RACMacroViewController.h */,
				81FF838320BBF88500F356B0 /* RACMacroViewController.m */,
				81FF838520BBF8A000F356B0 /* RACMacroViewController.xib */,
			);
			path = "RAC-Macro";
			sourceTree = "<group>";
		};
		81FF838E20BBFF6500F356B0 /* RAC-值传递 */ = {
			isa = PBXGroup;
			children = (
				81FF839020BBFF6500F356B0 /* RACValuePassedViewController.h */,
				81FF839120BBFF6500F356B0 /* RACValuePassedViewController.h.m */,
				81FF838F20BBFF6500F356B0 /* RACTestViewController.m */,
				81FF839220BBFF6500F356B0 /* RACTestViewController.h */,
			);
			path = "RAC-值传递";
			sourceTree = "<group>";
		};
		81FF839520BC00AF00F356B0 /* RAC-RACSignal */ = {
			isa = PBXGroup;
			children = (
				81FF839620BC00B700F356B0 /* RACSignalViewController.h */,
				81FF839720BC00B700F356B0 /* RACSignalViewController.m */,
			);
			path = "RAC-RACSignal";
			sourceTree = "<group>";
		};
		81FF839920BC046D00F356B0 /* RAC-Sequence */ = {
			isa = PBXGroup;
			children = (
				81FF839A20BC047C00F356B0 /* RACSequenceViewController.h */,
				81FF839B20BC047C00F356B0 /* RACSequenceViewController.m */,
				81FF839D20BC04C400F356B0 /* flags.plist */,
			);
			path = "RAC-Sequence";
			sourceTree = "<group>";
		};
		81FF839F20BC059800F356B0 /* RAC-MulticastConnection */ = {
			isa = PBXGroup;
			children = (
				81FF83A020BC05A500F356B0 /* RACMulticastConnectionViewController.h */,
				81FF83A120BC05A500F356B0 /* RACMulticastConnectionViewController.m */,
			);
			path = "RAC-MulticastConnection";
			sourceTree = "<group>";
		};
		81FF83A320BD548200F356B0 /* RAC-Command */ = {
			isa = PBXGroup;
			children = (
				81FF83A420BD548D00F356B0 /* RACCommandViewController.h */,
				81FF83A520BD548D00F356B0 /* RACCommandViewController.m */,
			);
			path = "RAC-Command";
			sourceTree = "<group>";
		};
		81FF83A720BD588200F356B0 /* RAC+MVVM */ = {
			isa = PBXGroup;
			children = (
				81FF83A820BD589100F356B0 /* RACMVVMViewController.h */,
				81FF83A920BD589100F356B0 /* RACMVVMViewController.m */,
				81FF83AA20BD589100F356B0 /* RACMVVMViewController.xib */,
				81FF83AD20BD591F00F356B0 /* LoginViewModel.h */,
				81FF83AE20BD591F00F356B0 /* LoginViewModel.m */,
			);
			path = "RAC+MVVM";
			sourceTree = "<group>";
		};
		B2E259C8B8D1A9BB77AF9AFE /* Frameworks */ = {
			isa = PBXGroup;
			children = (
				A5F93249BAA70C4483336C53 /* libPods-RACDemo.a */,
			);
			name = Frameworks;
			sourceTree = "<group>";
		};
/* End PBXGroup section */

/* Begin PBXNativeTarget section */
		81FF833420BBAE5800F356B0 /* RACDemo */ = {
			isa = PBXNativeTarget;
			buildConfigurationList = 81FF836120BBAE5900F356B0 /* Build configuration list for PBXNativeTarget "RACDemo" */;
			buildPhases = (
				97428D1F7D08AB80FB5E0D7F /* [CP] Check Pods Manifest.lock */,
				81FF833120BBAE5800F356B0 /* Sources */,
				81FF833220BBAE5800F356B0 /* Frameworks */,
				81FF833320BBAE5800F356B0 /* Resources */,
			);
			buildRules = (
			);
			dependencies = (
			);
			name = RACDemo;
			productName = RACDemo;
			productReference = 81FF833520BBAE5800F356B0 /* RACDemo.app */;
			productType = "com.apple.product-type.application";
		};
		81FF834C20BBAE5900F356B0 /* RACDemoTests */ = {
			isa = PBXNativeTarget;
			buildConfigurationList = 81FF836420BBAE5900F356B0 /* Build configuration list for PBXNativeTarget "RACDemoTests" */;
			buildPhases = (
				81FF834920BBAE5900F356B0 /* Sources */,
				81FF834A20BBAE5900F356B0 /* Frameworks */,
				81FF834B20BBAE5900F356B0 /* Resources */,
			);
			buildRules = (
			);
			dependencies = (
				81FF834F20BBAE5900F356B0 /* PBXTargetDependency */,
			);
			name = RACDemoTests;
			productName = RACDemoTests;
			productReference = 81FF834D20BBAE5900F356B0 /* RACDemoTests.xctest */;
			productType = "com.apple.product-type.bundle.unit-test";
		};
		81FF835720BBAE5900F356B0 /* RACDemoUITests */ = {
			isa = PBXNativeTarget;
			buildConfigurationList = 81FF836720BBAE5900F356B0 /* Build configuration list for PBXNativeTarget "RACDemoUITests" */;
			buildPhases = (
				81FF835420BBAE5900F356B0 /* Sources */,
				81FF835520BBAE5900F356B0 /* Frameworks */,
				81FF835620BBAE5900F356B0 /* Resources */,
			);
			buildRules = (
			);
			dependencies = (
				81FF835A20BBAE5900F356B0 /* PBXTargetDependency */,
			);
			name = RACDemoUITests;
			productName = RACDemoUITests;
			productReference = 81FF835820BBAE5900F356B0 /* RACDemoUITests.xctest */;
			productType = "com.apple.product-type.bundle.ui-testing";
		};
/* End PBXNativeTarget section */

/* Begin PBXProject section */
		81FF832D20BBAE5700F356B0 /* Project object */ = {
			isa = PBXProject;
			attributes = {
				LastUpgradeCheck = 0930;
				ORGANIZATIONNAME = QMMac;
				TargetAttributes = {
					81FF833420BBAE5800F356B0 = {
						CreatedOnToolsVersion = 9.3;
					};
					81FF834C20BBAE5900F356B0 = {
						CreatedOnToolsVersion = 9.3;
						TestTargetID = 81FF833420BBAE5800F356B0;
					};
					81FF835720BBAE5900F356B0 = {
						CreatedOnToolsVersion = 9.3;
						TestTargetID = 81FF833420BBAE5800F356B0;
					};
				};
			};
			buildConfigurationList = 81FF833020BBAE5700F356B0 /* Build configuration list for PBXProject "RACDemo" */;
			compatibilityVersion = "Xcode 9.3";
			developmentRegion = en;
			hasScannedForEncodings = 0;
			knownRegions = (
				en,
				Base,
			);
			mainGroup = 81FF832C20BBAE5700F356B0;
			productRefGroup = 81FF833620BBAE5800F356B0 /* Products */;
			projectDirPath = "";
			projectRoot = "";
			targets = (
				81FF833420BBAE5800F356B0 /* RACDemo */,
				81FF834C20BBAE5900F356B0 /* RACDemoTests */,
				81FF835720BBAE5900F356B0 /* RACDemoUITests */,
			);
		};
/* End PBXProject section */

/* Begin PBXResourcesBuildPhase section */
		81FF833320BBAE5800F356B0 /* Resources */ = {
			isa = PBXResourcesBuildPhase;
			buildActionMask = 2147483647;
			files = (
				81FF838620BBF8A000F356B0 /* RACMacroViewController.xib in Resources */,
				81FF834520BBAE5900F356B0 /* LaunchScreen.storyboard in Resources */,
				81FF839E20BC04C400F356B0 /* flags.plist in Resources */,
				81FF834220BBAE5900F356B0 /* Assets.xcassets in Resources */,
				81FF837C20BBF14C00F356B0 /* RACCombinationViewController.xib in Resources */,
				81FF83AC20BD589100F356B0 /* RACMVVMViewController.xib in Resources */,
				81FF834020BBAE5800F356B0 /* Main.storyboard in Resources */,
				81FF837020BBB32C00F356B0 /* RACFliterViewController.xib in Resources */,
			);
			runOnlyForDeploymentPostprocessing = 0;
		};
		81FF834B20BBAE5900F356B0 /* Resources */ = {
			isa = PBXResourcesBuildPhase;
			buildActionMask = 2147483647;
			files = (
			);
			runOnlyForDeploymentPostprocessing = 0;
		};
		81FF835620BBAE5900F356B0 /* Resources */ = {
			isa = PBXResourcesBuildPhase;
			buildActionMask = 2147483647;
			files = (
			);
			runOnlyForDeploymentPostprocessing = 0;
		};
/* End PBXResourcesBuildPhase section */

/* Begin PBXShellScriptBuildPhase section */
		97428D1F7D08AB80FB5E0D7F /* [CP] Check Pods Manifest.lock */ = {
			isa = PBXShellScriptBuildPhase;
			buildActionMask = 2147483647;
			files = (
			);
			inputPaths = (
				"${PODS_PODFILE_DIR_PATH}/Podfile.lock",
				"${PODS_ROOT}/Manifest.lock",
			);
			name = "[CP] Check Pods Manifest.lock";
			outputPaths = (
				"$(DERIVED_FILE_DIR)/Pods-RACDemo-checkManifestLockResult.txt",
			);
			runOnlyForDeploymentPostprocessing = 0;
			shellPath = /bin/sh;
			shellScript = "diff \"${PODS_PODFILE_DIR_PATH}/Podfile.lock\" \"${PODS_ROOT}/Manifest.lock\" > /dev/null\nif [ $? != 0 ] ; then\n    # print error to STDERR\n    echo \"error: The sandbox is not in sync with the Podfile.lock. Run 'pod install' or update your CocoaPods installation.\" >&2\n    exit 1\nfi\n# This output is used by Xcode 'outputs' to avoid re-running this script phase.\necho \"SUCCESS\" > \"${SCRIPT_OUTPUT_FILE_0}\"\n";
			showEnvVarsInLog = 0;
		};
/* End PBXShellScriptBuildPhase section */

/* Begin PBXSourcesBuildPhase section */
		81FF833120BBAE5800F356B0 /* Sources */ = {
			isa = PBXSourcesBuildPhase;
			buildActionMask = 2147483647;
			files = (
				81FF83AF20BD591F00F356B0 /* LoginViewModel.m in Sources */,
				81FF839C20BC047C00F356B0 /* RACSequenceViewController.m in Sources */,
				81FF833D20BBAE5800F356B0 /* ViewController.m in Sources */,
				81FF837520BBE8B400F356B0 /* RACMappingViewController.m in Sources */,
				81FF839420BBFF6500F356B0 /* RACValuePassedViewController.h.m in Sources */,
				81FF838420BBF88500F356B0 /* RACMacroViewController.m in Sources */,
				81FF839320BBFF6500F356B0 /* RACTestViewController.m in Sources */,
				81FF834820BBAE5900F356B0 /* main.m in Sources */,
				81FF83A620BD548D00F356B0 /* RACCommandViewController.m in Sources */,
				81FF837B20BBF14C00F356B0 /* RACCombinationViewController.m in Sources */,
				81FF833A20BBAE5800F356B0 /* AppDelegate.m in Sources */,
				81FF839820BC00B700F356B0 /* RACSignalViewController.m in Sources */,
				81FF836D20BBB06300F356B0 /* RACFliterViewController.m in Sources */,
				81FF83AB20BD589100F356B0 /* RACMVVMViewController.m in Sources */,
				81FF838020BBF56F00F356B0 /* RACBindViewController.m in Sources */,
				81FF83A220BC05A500F356B0 /* RACMulticastConnectionViewController.m in Sources */,
			);
			runOnlyForDeploymentPostprocessing = 0;
		};
		81FF834920BBAE5900F356B0 /* Sources */ = {
			isa = PBXSourcesBuildPhase;
			buildActionMask = 2147483647;
			files = (
				81FF835220BBAE5900F356B0 /* RACDemoTests.m in Sources */,
			);
			runOnlyForDeploymentPostprocessing = 0;
		};
		81FF835420BBAE5900F356B0 /* Sources */ = {
			isa = PBXSourcesBuildPhase;
			buildActionMask = 2147483647;
			files = (
				81FF835D20BBAE5900F356B0 /* RACDemoUITests.m in Sources */,
			);
			runOnlyForDeploymentPostprocessing = 0;
		};
/* End PBXSourcesBuildPhase section */

/* Begin PBXTargetDependency section */
		81FF834F20BBAE5900F356B0 /* PBXTargetDependency */ = {
			isa = PBXTargetDependency;
			target = 81FF833420BBAE5800F356B0 /* RACDemo */;
			targetProxy = 81FF834E20BBAE5900F356B0 /* PBXContainerItemProxy */;
		};
		81FF835A20BBAE5900F356B0 /* PBXTargetDependency */ = {
			isa = PBXTargetDependency;
			target = 81FF833420BBAE5800F356B0 /* RACDemo */;
			targetProxy = 81FF835920BBAE5900F356B0 /* PBXContainerItemProxy */;
		};
/* End PBXTargetDependency section */

/* Begin PBXVariantGroup section */
		81FF833E20BBAE5800F356B0 /* Main.storyboard */ = {
			isa = PBXVariantGroup;
			children = (
				81FF833F20BBAE5800F356B0 /* Base */,
			);
			name = Main.storyboard;
			sourceTree = "<group>";
		};
		81FF834320BBAE5900F356B0 /* LaunchScreen.storyboard */ = {
			isa = PBXVariantGroup;
			children = (
				81FF834420BBAE5900F356B0 /* Base */,
			);
			name = LaunchScreen.storyboard;
			sourceTree = "<group>";
		};
/* End PBXVariantGroup section */

/* Begin XCBuildConfiguration section */
		81FF835F20BBAE5900F356B0 /* Debug */ = {
			isa = XCBuildConfiguration;
			buildSettings = {
				ALWAYS_SEARCH_USER_PATHS = NO;
				CLANG_ANALYZER_NONNULL = YES;
				CLANG_ANALYZER_NUMBER_OBJECT_CONVERSION = YES_AGGRESSIVE;
				CLANG_CXX_LANGUAGE_STANDARD = "gnu++14";
				CLANG_CXX_LIBRARY = "libc++";
				CLANG_ENABLE_MODULES = YES;
				CLANG_ENABLE_OBJC_ARC = YES;
				CLANG_ENABLE_OBJC_WEAK = YES;
				CLANG_WARN_BLOCK_CAPTURE_AUTORELEASING = YES;
				CLANG_WARN_BOOL_CONVERSION = YES;
				CLANG_WARN_COMMA = YES;
				CLANG_WARN_CONSTANT_CONVERSION = YES;
				CLANG_WARN_DEPRECATED_OBJC_IMPLEMENTATIONS = YES;
				CLANG_WARN_DIRECT_OBJC_ISA_USAGE = YES_ERROR;
				CLANG_WARN_DOCUMENTATION_COMMENTS = YES;
				CLANG_WARN_EMPTY_BODY = YES;
				CLANG_WARN_ENUM_CONVERSION = YES;
				CLANG_WARN_INFINITE_RECURSION = YES;
				CLANG_WARN_INT_CONVERSION = YES;
				CLANG_WARN_NON_LITERAL_NULL_CONVERSION = YES;
				CLANG_WARN_OBJC_IMPLICIT_RETAIN_SELF = YES;
				CLANG_WARN_OBJC_LITERAL_CONVERSION = YES;
				CLANG_WARN_OBJC_ROOT_CLASS = YES_ERROR;
				CLANG_WARN_RANGE_LOOP_ANALYSIS = YES;
				CLANG_WARN_STRICT_PROTOTYPES = YES;
				CLANG_WARN_SUSPICIOUS_MOVE = YES;
				CLANG_WARN_UNGUARDED_AVAILABILITY = YES_AGGRESSIVE;
				CLANG_WARN_UNREACHABLE_CODE = YES;
				CLANG_WARN__DUPLICATE_METHOD_MATCH = YES;
				CODE_SIGN_IDENTITY = "iPhone Developer";
				COPY_PHASE_STRIP = NO;
				DEBUG_INFORMATION_FORMAT = dwarf;
				ENABLE_STRICT_OBJC_MSGSEND = YES;
				ENABLE_TESTABILITY = YES;
				GCC_C_LANGUAGE_STANDARD = gnu11;
				GCC_DYNAMIC_NO_PIC = NO;
				GCC_NO_COMMON_BLOCKS = YES;
				GCC_OPTIMIZATION_LEVEL = 0;
				GCC_PREPROCESSOR_DEFINITIONS = (
					"DEBUG=1",
					"$(inherited)",
				);
				GCC_WARN_64_TO_32_BIT_CONVERSION = YES;
				GCC_WARN_ABOUT_RETURN_TYPE = YES_ERROR;
				GCC_WARN_UNDECLARED_SELECTOR = YES;
				GCC_WARN_UNINITIALIZED_AUTOS = YES_AGGRESSIVE;
				GCC_WARN_UNUSED_FUNCTION = YES;
				GCC_WARN_UNUSED_VARIABLE = YES;
				IPHONEOS_DEPLOYMENT_TARGET = 11.3;
				MTL_ENABLE_DEBUG_INFO = YES;
				ONLY_ACTIVE_ARCH = YES;
				SDKROOT = iphoneos;
			};
			name = Debug;
		};
		81FF836020BBAE5900F356B0 /* Release */ = {
			isa = XCBuildConfiguration;
			buildSettings = {
				ALWAYS_SEARCH_USER_PATHS = NO;
				CLANG_ANALYZER_NONNULL = YES;
				CLANG_ANALYZER_NUMBER_OBJECT_CONVERSION = YES_AGGRESSIVE;
				CLANG_CXX_LANGUAGE_STANDARD = "gnu++14";
				CLANG_CXX_LIBRARY = "libc++";
				CLANG_ENABLE_MODULES = YES;
				CLANG_ENABLE_OBJC_ARC = YES;
				CLANG_ENABLE_OBJC_WEAK = YES;
				CLANG_WARN_BLOCK_CAPTURE_AUTORELEASING = YES;
				CLANG_WARN_BOOL_CONVERSION = YES;
				CLANG_WARN_COMMA = YES;
				CLANG_WARN_CONSTANT_CONVERSION = YES;
				CLANG_WARN_DEPRECATED_OBJC_IMPLEMENTATIONS = YES;
				CLANG_WARN_DIRECT_OBJC_ISA_USAGE = YES_ERROR;
				CLANG_WARN_DOCUMENTATION_COMMENTS = YES;
				CLANG_WARN_EMPTY_BODY = YES;
				CLANG_WARN_ENUM_CONVERSION = YES;
				CLANG_WARN_INFINITE_RECURSION = YES;
				CLANG_WARN_INT_CONVERSION = YES;
				CLANG_WARN_NON_LITERAL_NULL_CONVERSION = YES;
				CLANG_WARN_OBJC_IMPLICIT_RETAIN_SELF = YES;
				CLANG_WARN_OBJC_LITERAL_CONVERSION = YES;
				CLANG_WARN_OBJC_ROOT_CLASS = YES_ERROR;
				CLANG_WARN_RANGE_LOOP_ANALYSIS = YES;
				CLANG_WARN_STRICT_PROTOTYPES = YES;
				CLANG_WARN_SUSPICIOUS_MOVE = YES;
				CLANG_WARN_UNGUARDED_AVAILABILITY = YES_AGGRESSIVE;
				CLANG_WARN_UNREACHABLE_CODE = YES;
				CLANG_WARN__DUPLICATE_METHOD_MATCH = YES;
				CODE_SIGN_IDENTITY = "iPhone Developer";
				COPY_PHASE_STRIP = NO;
				DEBUG_INFORMATION_FORMAT = "dwarf-with-dsym";
				ENABLE_NS_ASSERTIONS = NO;
				ENABLE_STRICT_OBJC_MSGSEND = YES;
				GCC_C_LANGUAGE_STANDARD = gnu11;
				GCC_NO_COMMON_BLOCKS = YES;
				GCC_WARN_64_TO_32_BIT_CONVERSION = YES;
				GCC_WARN_ABOUT_RETURN_TYPE = YES_ERROR;
				GCC_WARN_UNDECLARED_SELECTOR = YES;
				GCC_WARN_UNINITIALIZED_AUTOS = YES_AGGRESSIVE;
				GCC_WARN_UNUSED_FUNCTION = YES;
				GCC_WARN_UNUSED_VARIABLE = YES;
				IPHONEOS_DEPLOYMENT_TARGET = 11.3;
				MTL_ENABLE_DEBUG_INFO = NO;
				SDKROOT = iphoneos;
				VALIDATE_PRODUCT = YES;
			};
			name = Release;
		};
		81FF836220BBAE5900F356B0 /* Debug */ = {
			isa = XCBuildConfiguration;
			baseConfigurationReference = 7C4FB4BBE8470D0C08AEB652 /* Pods-RACDemo.debug.xcconfig */;
			buildSettings = {
				ASSETCATALOG_COMPILER_APPICON_NAME = AppIcon;
				CODE_SIGN_STYLE = Automatic;
				INFOPLIST_FILE = RACDemo/Info.plist;
				LD_RUNPATH_SEARCH_PATHS = (
					"$(inherited)",
					"@executable_path/Frameworks",
				);
				PRODUCT_BUNDLE_IDENTIFIER = com.qmtv.RACDemo;
				PRODUCT_NAME = "$(TARGET_NAME)";
				TARGETED_DEVICE_FAMILY = "1,2";
			};
			name = Debug;
		};
		81FF836320BBAE5900F356B0 /* Release */ = {
			isa = XCBuildConfiguration;
			baseConfigurationReference = 350187818C24CFAFAE3DB9DD /* Pods-RACDemo.release.xcconfig */;
			buildSettings = {
				ASSETCATALOG_COMPILER_APPICON_NAME = AppIcon;
				CODE_SIGN_STYLE = Automatic;
				INFOPLIST_FILE = RACDemo/Info.plist;
				LD_RUNPATH_SEARCH_PATHS = (
					"$(inherited)",
					"@executable_path/Frameworks",
				);
				PRODUCT_BUNDLE_IDENTIFIER = com.qmtv.RACDemo;
				PRODUCT_NAME = "$(TARGET_NAME)";
				TARGETED_DEVICE_FAMILY = "1,2";
			};
			name = Release;
		};
		81FF836520BBAE5900F356B0 /* Debug */ = {
			isa = XCBuildConfiguration;
			buildSettings = {
				BUNDLE_LOADER = "$(TEST_HOST)";
				CODE_SIGN_STYLE = Automatic;
				INFOPLIST_FILE = RACDemoTests/Info.plist;
				LD_RUNPATH_SEARCH_PATHS = (
					"$(inherited)",
					"@executable_path/Frameworks",
					"@loader_path/Frameworks",
				);
				PRODUCT_BUNDLE_IDENTIFIER = com.qmtv.RACDemoTests;
				PRODUCT_NAME = "$(TARGET_NAME)";
				TARGETED_DEVICE_FAMILY = "1,2";
				TEST_HOST = "$(BUILT_PRODUCTS_DIR)/RACDemo.app/RACDemo";
			};
			name = Debug;
		};
		81FF836620BBAE5900F356B0 /* Release */ = {
			isa = XCBuildConfiguration;
			buildSettings = {
				BUNDLE_LOADER = "$(TEST_HOST)";
				CODE_SIGN_STYLE = Automatic;
				INFOPLIST_FILE = RACDemoTests/Info.plist;
				LD_RUNPATH_SEARCH_PATHS = (
					"$(inherited)",
					"@executable_path/Frameworks",
					"@loader_path/Frameworks",
				);
				PRODUCT_BUNDLE_IDENTIFIER = com.qmtv.RACDemoTests;
				PRODUCT_NAME = "$(TARGET_NAME)";
				TARGETED_DEVICE_FAMILY = "1,2";
				TEST_HOST = "$(BUILT_PRODUCTS_DIR)/RACDemo.app/RACDemo";
			};
			name = Release;
		};
		81FF836820BBAE5900F356B0 /* Debug */ = {
			isa = XCBuildConfiguration;
			buildSettings = {
				CODE_SIGN_STYLE = Automatic;
				INFOPLIST_FILE = RACDemoUITests/Info.plist;
				LD_RUNPATH_SEARCH_PATHS = (
					"$(inherited)",
					"@executable_path/Frameworks",
					"@loader_path/Frameworks",
				);
				PRODUCT_BUNDLE_IDENTIFIER = com.qmtv.RACDemoUITests;
				PRODUCT_NAME = "$(TARGET_NAME)";
				TARGETED_DEVICE_FAMILY = "1,2";
				TEST_TARGET_NAME = RACDemo;
			};
			name = Debug;
		};
		81FF836920BBAE5900F356B0 /* Release */ = {
			isa = XCBuildConfiguration;
			buildSettings = {
				CODE_SIGN_STYLE = Automatic;
				INFOPLIST_FILE = RACDemoUITests/Info.plist;
				LD_RUNPATH_SEARCH_PATHS = (
					"$(inherited)",
					"@executable_path/Frameworks",
					"@loader_path/Frameworks",
				);
				PRODUCT_BUNDLE_IDENTIFIER = com.qmtv.RACDemoUITests;
				PRODUCT_NAME = "$(TARGET_NAME)";
				TARGETED_DEVICE_FAMILY = "1,2";
				TEST_TARGET_NAME = RACDemo;
			};
			name = Release;
		};
/* End XCBuildConfiguration section */

/* Begin XCConfigurationList section */
		81FF833020BBAE5700F356B0 /* Build configuration list for PBXProject "RACDemo" */ = {
			isa = XCConfigurationList;
			buildConfigurations = (
				81FF835F20BBAE5900F356B0 /* Debug */,
				81FF836020BBAE5900F356B0 /* Release */,
			);
			defaultConfigurationIsVisible = 0;
			defaultConfigurationName = Release;
		};
		81FF836120BBAE5900F356B0 /* Build configuration list for PBXNativeTarget "RACDemo" */ = {
			isa = XCConfigurationList;
			buildConfigurations = (
				81FF836220BBAE5900F356B0 /* Debug */,
				81FF836320BBAE5900F356B0 /* Release */,
			);
			defaultConfigurationIsVisible = 0;
			defaultConfigurationName = Release;
		};
		81FF836420BBAE5900F356B0 /* Build configuration list for PBXNativeTarget "RACDemoTests" */ = {
			isa = XCConfigurationList;
			buildConfigurations = (
				81FF836520BBAE5900F356B0 /* Debug */,
				81FF836620BBAE5900F356B0 /* Release */,
			);
			defaultConfigurationIsVisible = 0;
			defaultConfigurationName = Release;
		};
		81FF836720BBAE5900F356B0 /* Build configuration list for PBXNativeTarget "RACDemoUITests" */ = {
			isa = XCConfigurationList;
			buildConfigurations = (
				81FF836820BBAE5900F356B0 /* Debug */,
				81FF836920BBAE5900F356B0 /* Release */,
			);
			defaultConfigurationIsVisible = 0;
			defaultConfigurationName = Release;
		};
/* End XCConfigurationList section */
	};
	rootObject = 81FF832D20BBAE5700F356B0 /* Project object */;
}
